
Microsoft Visual Studio Solution File, Format Version 12.00
# Visual Studio Version 17
VisualStudioVersion = 17.14.36429.23
MinimumVisualStudioVersion = 10.0.40219.1
Project("{2150E333-8FDC-42A3-9474-1A3956D46DE8}") = "Task0", "Task0", "{02EA681E-C7D8-13C7-8484-4AC65E1B71E8}"
EndProject
Project("{FAE04EC0-301F-11D3-BF4B-00C04F79EFBC}") = "Tyuiu.KruchininEP.Sprint3.Task0.V16", "Tyuiu.KruchininEP.Sprint3.Task0.V16\Tyuiu.KruchininEP.Sprint3.Task0.V16.csproj", "{2CDD2781-5D8C-41C0-8A33-9B317C13BBCB}"
EndProject
Project("{FAE04EC0-301F-11D3-BF4B-00C04F79EFBC}") = "Tyuiu.KruchininEP.Sprint3.Task0.V16.Lib", "Tyuiu.KruchininEP.Sprint3.Task0.V16.Lib\Tyuiu.KruchininEP.Sprint3.Task0.V16.Lib.csproj", "{E832CC15-E005-4867-AB6E-F13BC53D1B36}"
EndProject
Project("{FAE04EC0-301F-11D3-BF4B-00C04F79EFBC}") = "Tyuiu.KruchininEP.Sprint3.Task0.V16.Test", "Tyuiu.KruchininEP.Sprint3.Task0.V16.Test\Tyuiu.KruchininEP.Sprint3.Task0.V16.Test.csproj", "{5BA3755E-5DB3-4954-B743-2A6C7312A3A6}"
EndProject
Project("{2150E333-8FDC-42A3-9474-1A3956D46DE8}") = "Task1", "Task1", "{D95776D4-F04D-45A9-A23E-CC8BAB32A093}"
EndProject
Project("{2150E333-8FDC-42A3-9474-1A3956D46DE8}") = "Task2", "Task2", "{AEDE0421-1BB4-4BD9-869E-6709D8576B66}"
EndProject
Project("{FAE04EC0-301F-11D3-BF4B-00C04F79EFBC}") = "Tyuiu.KruchininEP.Sprint3.Task2.V29", "Tyuiu.KruchininEP.Sprint3.Task2.V29\Tyuiu.KruchininEP.Sprint3.Task2.V29.csproj", "{964B3CDA-1BC0-4790-B9EF-D5183E35D1C6}"
EndProject
Project("{FAE04EC0-301F-11D3-BF4B-00C04F79EFBC}") = "Tyuiu.KruchininEP.Sprint3.Task2.V29.Lib", "Tyuiu.KruchininEP.Sprint3.Task2.V29.Lib\Tyuiu.KruchininEP.Sprint3.Task2.V29.Lib.csproj", "{79113958-7088-4A38-B68C-32A36817204A}"
EndProject
Project("{FAE04EC0-301F-11D3-BF4B-00C04F79EFBC}") = "Tyuiu.KruchininEP.Sprint3.Task2.V29.Test", "Tyuiu.KruchininEP.Sprint3.Task2.V29.Test\Tyuiu.KruchininEP.Sprint3.Task2.V29.Test.csproj", "{2E04D3D6-AF48-48AB-B2EF-CD8E8A70973A}"
EndProject
Project("{2150E333-8FDC-42A3-9474-1A3956D46DE8}") = "Task3", "Task3", "{1B1F01A2-50C6-4492-AB51-7A0FB93B36BC}"
EndProject
Project("{FAE04EC0-301F-11D3-BF4B-00C04F79EFBC}") = "Tyuiu.KruchininEP.Sprint3.Task3.V11", "Tyuiu.KruchininEP.Sprint3.Task3.V11\Tyuiu.KruchininEP.Sprint3.Task3.V11.csproj", "{64372BFF-0663-4742-BAF2-E542D82AAD12}"
EndProject
Project("{FAE04EC0-301F-11D3-BF4B-00C04F79EFBC}") = "Tyuiu.KruchininEP.Sprint3.Task3.V11.Lib", "Tyuiu.KruchininEP.Sprint3.Task3.V11.Lib\Tyuiu.KruchininEP.Sprint3.Task3.V11.Lib.csproj", "{89A8D299-A59A-4937-8EF9-0593545B5AC0}"
EndProject
Project("{FAE04EC0-301F-11D3-BF4B-00C04F79EFBC}") = "Tyuiu.KruchininEP.Sprint3.Task3.V11.Test", "Tyuiu.KruchininEP.Sprint3.Task3.V11.Test\Tyuiu.KruchininEP.Sprint3.Task3.V11.Test.csproj", "{08E1F2DF-9EEB-41FC-9297-9C163D7881F8}"
EndProject
Project("{2150E333-8FDC-42A3-9474-1A3956D46DE8}") = "Task4", "Task4", "{E746196E-929B-44F5-9BD9-FF7467C1D8F1}"
EndProject
Project("{FAE04EC0-301F-11D3-BF4B-00C04F79EFBC}") = "Tyuiu.KruchininEP.Sprint3.Task4.V29", "Tyuiu.KruchininEP.Sprint3.Task4.V29\Tyuiu.KruchininEP.Sprint3.Task4.V29.csproj", "{A524FAE6-A2AD-4A08-AB59-EE0030418613}"
EndProject
Project("{FAE04EC0-301F-11D3-BF4B-00C04F79EFBC}") = "Tyuiu.KruchininEP.Sprint3.Task4.V29.Lib", "Tyuiu.KruchininEP.Sprint3.Task4.V29.Lib\Tyuiu.KruchininEP.Sprint3.Task4.V29.Lib.csproj", "{5631E763-4FD7-4AD1-A0A6-3869762E41CB}"
EndProject
Project("{FAE04EC0-301F-11D3-BF4B-00C04F79EFBC}") = "Tyuiu.KruchininEP.Sprint3.Task4.V29.Test", "Tyuiu.KruchininEP.Sprint3.Task4.V29.Test\Tyuiu.KruchininEP.Sprint3.Task4.V29.Test.csproj", "{CDCCF16E-C598-407D-AD10-969E1BC92168}"
EndProject
Project("{2150E333-8FDC-42A3-9474-1A3956D46DE8}") = "Task6", "Task6", "{7ED8C3AD-C7B3-4F06-9E49-B7860975FDEC}"
EndProject
Project("{FAE04EC0-301F-11D3-BF4B-00C04F79EFBC}") = "Tyuiu.KruchininEP.Sprint3.Task6.V5", "Tyuiu.KruchininEP.Sprint3.Task6.V5\Tyuiu.KruchininEP.Sprint3.Task6.V5.csproj", "{2EF804BE-AA2A-4154-A075-5461990173CA}"
EndProject
Project("{FAE04EC0-301F-11D3-BF4B-00C04F79EFBC}") = "Tyuiu.KruchininEP.Sprint3.Task6.V5.Lib", "Tyuiu.KruchininEP.Sprint3.Task6.V5.Lib\Tyuiu.KruchininEP.Sprint3.Task6.V5.Lib.csproj", "{97E3FC92-3845-4842-A4DE-F903125C0D03}"
EndProject
Project("{FAE04EC0-301F-11D3-BF4B-00C04F79EFBC}") = "Tyuiu.KruchininEP.Sprint3.Task6.V5.Test", "Tyuiu.KruchininEP.Sprint3.Task6.V5.Test\Tyuiu.KruchininEP.Sprint3.Task6.V5.Test.csproj", "{A3959226-7C0C-48B3-8DB4-A3F75C177669}"
EndProject
Project("{2150E333-8FDC-42A3-9474-1A3956D46DE8}") = "Task7", "Task7", "{5485337B-85EE-4595-B520-F4587E4D8DEF}"
EndProject
Project("{FAE04EC0-301F-11D3-BF4B-00C04F79EFBC}") = "Tyuiu.KruchininEP.Sprint3.Task7.V12", "Tyuiu.KruchininEP.Sprint3.Task7.V12\Tyuiu.KruchininEP.Sprint3.Task7.V12.csproj", "{BBF3B570-3D30-4C80-B45C-55E710E06079}"
EndProject
Project("{FAE04EC0-301F-11D3-BF4B-00C04F79EFBC}") = "Tyuiu.KruchininEP.Sprint3.Task7.V12.Lib", "Tyuiu.KruchininEP.Sprint3.Task7.V12.Lib\Tyuiu.KruchininEP.Sprint3.Task7.V12.Lib.csproj", "{E65156C8-50F8-4274-8606-5B8F09654C3E}"
EndProject
Project("{FAE04EC0-301F-11D3-BF4B-00C04F79EFBC}") = "Tyuiu.KruchininEP.Sprint3.Task7.V12.Test", "Tyuiu.KruchininEP.Sprint3.Task7.V12.Test\Tyuiu.KruchininEP.Sprint3.Task7.V12.Test.csproj", "{F17840A7-C887-499E-96CB-6FA0CD3C45AA}"
EndProject
Project("{2150E333-8FDC-42A3-9474-1A3956D46DE8}") = "Task5", "Task5", "{FC35FF18-9F15-447F-BABB-E584EFEDE943}"
EndProject
Project("{FAE04EC0-301F-11D3-BF4B-00C04F79EFBC}") = "Tyuiu.KruchininEP.Sprint3.Task5.V26", "Tyuiu.KruchininEP.Sprint3.Task5.V26\Tyuiu.KruchininEP.Sprint3.Task5.V26.csproj", "{612BF80D-6D4F-4A6A-AA22-454EBDAD04B3}"
EndProject
Project("{FAE04EC0-301F-11D3-BF4B-00C04F79EFBC}") = "Tyuiu.KruchininEP.Sprint3.Task5.V26.Lib", "Tyuiu.KruchininEP.Sprint3.Task5.V26.Lib\Tyuiu.KruchininEP.Sprint3.Task5.V26.Lib.csproj", "{DF5301D8-64B9-43A5-8B8D-C2E7FB860EA1}"
EndProject
Project("{FAE04EC0-301F-11D3-BF4B-00C04F79EFBC}") = "Tyuiu.KruchininEP.Sprint3.Task5.V26.Test", "Tyuiu.KruchininEP.Sprint3.Task5.V26.Test\Tyuiu.KruchininEP.Sprint3.Task5.V26.Test.csproj", "{AF661BCD-8081-4CFD-AD0A-552FD8607F54}"
EndProject
Project("{FAE04EC0-301F-11D3-BF4B-00C04F79EFBC}") = "Tyuiu.KruchininEP.Sprint3.Task1.V4", "Tyuiu.KruchininEP.Sprint3.Task1.V4\Tyuiu.KruchininEP.Sprint3.Task1.V4.csproj", "{4AF8B393-80CD-4549-8F1D-009BB2DD053D}"
EndProject
Project("{FAE04EC0-301F-11D3-BF4B-00C04F79EFBC}") = "Tyuiu.KruchininEP.Sprint3.Task1.V4.Lib", "Tyuiu.KruchininEP.Sprint3.Task1.V4.Lib\Tyuiu.KruchininEP.Sprint3.Task1.V4.Lib.csproj", "{074B31EE-8518-4501-87F8-D0F060C06F18}"
EndProject
Project("{FAE04EC0-301F-11D3-BF4B-00C04F79EFBC}") = "Tyuiu.KruchininEP.Sprint3.Task1.V4.Test", "Tyuiu.KruchininEP.Sprint3.Task1.V4.Test\Tyuiu.KruchininEP.Sprint3.Task1.V4.Test.csproj", "{D1536F4F-D8F0-44E0-A8C2-66D8B91EB691}"
EndProject
Global
	GlobalSection(SolutionConfigurationPlatforms) = preSolution
		Debug|Any CPU = Debug|Any CPU
		Release|Any CPU = Release|Any CPU
	EndGlobalSection
	GlobalSection(ProjectConfigurationPlatforms) = postSolution
		{2CDD2781-5D8C-41C0-8A33-9B317C13BBCB}.Debug|Any CPU.ActiveCfg = Debug|Any CPU
		{2CDD2781-5D8C-41C0-8A33-9B317C13BBCB}.Debug|Any CPU.Build.0 = Debug|Any CPU
		{2CDD2781-5D8C-41C0-8A33-9B317C13BBCB}.Release|Any CPU.ActiveCfg = Release|Any CPU
		{2CDD2781-5D8C-41C0-8A33-9B317C13BBCB}.Release|Any CPU.Build.0 = Release|Any CPU
		{E832CC15-E005-4867-AB6E-F13BC53D1B36}.Debug|Any CPU.ActiveCfg = Debug|Any CPU
		{E832CC15-E005-4867-AB6E-F13BC53D1B36}.Debug|Any CPU.Build.0 = Debug|Any CPU
		{E832CC15-E005-4867-AB6E-F13BC53D1B36}.Release|Any CPU.ActiveCfg = Release|Any CPU
		{E832CC15-E005-4867-AB6E-F13BC53D1B36}.Release|Any CPU.Build.0 = Release|Any CPU
		{5BA3755E-5DB3-4954-B743-2A6C7312A3A6}.Debug|Any CPU.ActiveCfg = Debug|Any CPU
		{5BA3755E-5DB3-4954-B743-2A6C7312A3A6}.Debug|Any CPU.Build.0 = Debug|Any CPU
		{5BA3755E-5DB3-4954-B743-2A6C7312A3A6}.Release|Any CPU.ActiveCfg = Release|Any CPU
		{5BA3755E-5DB3-4954-B743-2A6C7312A3A6}.Release|Any CPU.Build.0 = Release|Any CPU
		{964B3CDA-1BC0-4790-B9EF-D5183E35D1C6}.Debug|Any CPU.ActiveCfg = Debug|Any CPU
		{964B3CDA-1BC0-4790-B9EF-D5183E35D1C6}.Debug|Any CPU.Build.0 = Debug|Any CPU
		{964B3CDA-1BC0-4790-B9EF-D5183E35D1C6}.Release|Any CPU.ActiveCfg = Release|Any CPU
		{964B3CDA-1BC0-4790-B9EF-D5183E35D1C6}.Release|Any CPU.Build.0 = Release|Any CPU
		{79113958-7088-4A38-B68C-32A36817204A}.Debug|Any CPU.ActiveCfg = Debug|Any CPU
		{79113958-7088-4A38-B68C-32A36817204A}.Debug|Any CPU.Build.0 = Debug|Any CPU
		{79113958-7088-4A38-B68C-32A36817204A}.Release|Any CPU.ActiveCfg = Release|Any CPU
		{79113958-7088-4A38-B68C-32A36817204A}.Release|Any CPU.Build.0 = Release|Any CPU
		{2E04D3D6-AF48-48AB-B2EF-CD8E8A70973A}.Debug|Any CPU.ActiveCfg = Debug|Any CPU
		{2E04D3D6-AF48-48AB-B2EF-CD8E8A70973A}.Debug|Any CPU.Build.0 = Debug|Any CPU
		{2E04D3D6-AF48-48AB-B2EF-CD8E8A70973A}.Release|Any CPU.ActiveCfg = Release|Any CPU
		{2E04D3D6-AF48-48AB-B2EF-CD8E8A70973A}.Release|Any CPU.Build.0 = Release|Any CPU
		{64372BFF-0663-4742-BAF2-E542D82AAD12}.Debug|Any CPU.ActiveCfg = Debug|Any CPU
		{64372BFF-0663-4742-BAF2-E542D82AAD12}.Debug|Any CPU.Build.0 = Debug|Any CPU
		{64372BFF-0663-4742-BAF2-E542D82AAD12}.Release|Any CPU.ActiveCfg = Release|Any CPU
		{64372BFF-0663-4742-BAF2-E542D82AAD12}.Release|Any CPU.Build.0 = Release|Any CPU
		{89A8D299-A59A-4937-8EF9-0593545B5AC0}.Debug|Any CPU.ActiveCfg = Debug|Any CPU
		{89A8D299-A59A-4937-8EF9-0593545B5AC0}.Debug|Any CPU.Build.0 = Debug|Any CPU
		{89A8D299-A59A-4937-8EF9-0593545B5AC0}.Release|Any CPU.ActiveCfg = Release|Any CPU
		{89A8D299-A59A-4937-8EF9-0593545B5AC0}.Release|Any CPU.Build.0 = Release|Any CPU
		{08E1F2DF-9EEB-41FC-9297-9C163D7881F8}.Debug|Any CPU.ActiveCfg = Debug|Any CPU
		{08E1F2DF-9EEB-41FC-9297-9C163D7881F8}.Debug|Any CPU.Build.0 = Debug|Any CPU
		{08E1F2DF-9EEB-41FC-9297-9C163D7881F8}.Release|Any CPU.ActiveCfg = Release|Any CPU
		{08E1F2DF-9EEB-41FC-9297-9C163D7881F8}.Release|Any CPU.Build.0 = Release|Any CPU
		{A524FAE6-A2AD-4A08-AB59-EE0030418613}.Debug|Any CPU.ActiveCfg = Debug|Any CPU
		{A524FAE6-A2AD-4A08-AB59-EE0030418613}.Debug|Any CPU.Build.0 = Debug|Any CPU
		{A524FAE6-A2AD-4A08-AB59-EE0030418613}.Release|Any CPU.ActiveCfg = Release|Any CPU
		{A524FAE6-A2AD-4A08-AB59-EE0030418613}.Release|Any CPU.Build.0 = Release|Any CPU
		{5631E763-4FD7-4AD1-A0A6-3869762E41CB}.Debug|Any CPU.ActiveCfg = Debug|Any CPU
		{5631E763-4FD7-4AD1-A0A6-3869762E41CB}.Debug|Any CPU.Build.0 = Debug|Any CPU
		{5631E763-4FD7-4AD1-A0A6-3869762E41CB}.Release|Any CPU.ActiveCfg = Release|Any CPU
		{5631E763-4FD7-4AD1-A0A6-3869762E41CB}.Release|Any CPU.Build.0 = Release|Any CPU
		{CDCCF16E-C598-407D-AD10-969E1BC92168}.Debug|Any CPU.ActiveCfg = Debug|Any CPU
		{CDCCF16E-C598-407D-AD10-969E1BC92168}.Debug|Any CPU.Build.0 = Debug|Any CPU
		{CDCCF16E-C598-407D-AD10-969E1BC92168}.Release|Any CPU.ActiveCfg = Release|Any CPU
		{CDCCF16E-C598-407D-AD10-969E1BC92168}.Release|Any CPU.Build.0 = Release|Any CPU
		{2EF804BE-AA2A-4154-A075-5461990173CA}.Debug|Any CPU.ActiveCfg = Debug|Any CPU
		{2EF804BE-AA2A-4154-A075-5461990173CA}.Debug|Any CPU.Build.0 = Debug|Any CPU
		{2EF804BE-AA2A-4154-A075-5461990173CA}.Release|Any CPU.ActiveCfg = Release|Any CPU
		{2EF804BE-AA2A-4154-A075-5461990173CA}.Release|Any CPU.Build.0 = Release|Any CPU
		{97E3FC92-3845-4842-A4DE-F903125C0D03}.Debug|Any CPU.ActiveCfg = Debug|Any CPU
		{97E3FC92-3845-4842-A4DE-F903125C0D03}.Debug|Any CPU.Build.0 = Debug|Any CPU
		{97E3FC92-3845-4842-A4DE-F903125C0D03}.Release|Any CPU.ActiveCfg = Release|Any CPU
		{97E3FC92-3845-4842-A4DE-F903125C0D03}.Release|Any CPU.Build.0 = Release|Any CPU
		{A3959226-7C0C-48B3-8DB4-A3F75C177669}.Debug|Any CPU.ActiveCfg = Debug|Any CPU
		{A3959226-7C0C-48B3-8DB4-A3F75C177669}.Debug|Any CPU.Build.0 = Debug|Any CPU
		{A3959226-7C0C-48B3-8DB4-A3F75C177669}.Release|Any CPU.ActiveCfg = Release|Any CPU
		{A3959226-7C0C-48B3-8DB4-A3F75C177669}.Release|Any CPU.Build.0 = Release|Any CPU
		{BBF3B570-3D30-4C80-B45C-55E710E06079}.Debug|Any CPU.ActiveCfg = Debug|Any CPU
		{BBF3B570-3D30-4C80-B45C-55E710E06079}.Debug|Any CPU.Build.0 = Debug|Any CPU
		{BBF3B570-3D30-4C80-B45C-55E710E06079}.Release|Any CPU.ActiveCfg = Release|Any CPU
		{BBF3B570-3D30-4C80-B45C-55E710E06079}.Release|Any CPU.Build.0 = Release|Any CPU
		{E65156C8-50F8-4274-8606-5B8F09654C3E}.Debug|Any CPU.ActiveCfg = Debug|Any CPU
		{E65156C8-50F8-4274-8606-5B8F09654C3E}.Debug|Any CPU.Build.0 = Debug|Any CPU
		{E65156C8-50F8-4274-8606-5B8F09654C3E}.Release|Any CPU.ActiveCfg = Release|Any CPU
		{E65156C8-50F8-4274-8606-5B8F09654C3E}.Release|Any CPU.Build.0 = Release|Any CPU
		{F17840A7-C887-499E-96CB-6FA0CD3C45AA}.Debug|Any CPU.ActiveCfg = Debug|Any CPU
		{F17840A7-C887-499E-96CB-6FA0CD3C45AA}.Debug|Any CPU.Build.0 = Debug|Any CPU
		{F17840A7-C887-499E-96CB-6FA0CD3C45AA}.Release|Any CPU.ActiveCfg = Release|Any CPU
		{F17840A7-C887-499E-96CB-6FA0CD3C45AA}.Release|Any CPU.Build.0 = Release|Any CPU
		{612BF80D-6D4F-4A6A-AA22-454EBDAD04B3}.Debug|Any CPU.ActiveCfg = Debug|Any CPU
		{612BF80D-6D4F-4A6A-AA22-454EBDAD04B3}.Debug|Any CPU.Build.0 = Debug|Any CPU
		{612BF80D-6D4F-4A6A-AA22-454EBDAD04B3}.Release|Any CPU.ActiveCfg = Release|Any CPU
		{612BF80D-6D4F-4A6A-AA22-454EBDAD04B3}.Release|Any CPU.Build.0 = Release|Any CPU
		{DF5301D8-64B9-43A5-8B8D-C2E7FB860EA1}.Debug|Any CPU.ActiveCfg = Debug|Any CPU
		{DF5301D8-64B9-43A5-8B8D-C2E7FB860EA1}.Debug|Any CPU.Build.0 = Debug|Any CPU
		{DF5301D8-64B9-43A5-8B8D-C2E7FB860EA1}.Release|Any CPU.ActiveCfg = Release|Any CPU
		{DF5301D8-64B9-43A5-8B8D-C2E7FB860EA1}.Release|Any CPU.Build.0 = Release|Any CPU
		{AF661BCD-8081-4CFD-AD0A-552FD8607F54}.Debug|Any CPU.ActiveCfg = Debug|Any CPU
		{AF661BCD-8081-4CFD-AD0A-552FD8607F54}.Debug|Any CPU.Build.0 = Debug|Any CPU
		{AF661BCD-8081-4CFD-AD0A-552FD8607F54}.Release|Any CPU.ActiveCfg = Release|Any CPU
		{AF661BCD-8081-4CFD-AD0A-552FD8607F54}.Release|Any CPU.Build.0 = Release|Any CPU
		{4AF8B393-80CD-4549-8F1D-009BB2DD053D}.Debug|Any CPU.ActiveCfg = Debug|Any CPU
		{4AF8B393-80CD-4549-8F1D-009BB2DD053D}.Debug|Any CPU.Build.0 = Debug|Any CPU
		{4AF8B393-80CD-4549-8F1D-009BB2DD053D}.Release|Any CPU.ActiveCfg = Release|Any CPU
		{4AF8B393-80CD-4549-8F1D-009BB2DD053D}.Release|Any CPU.Build.0 = Release|Any CPU
		{074B31EE-8518-4501-87F8-D0F060C06F18}.Debug|Any CPU.ActiveCfg = Debug|Any CPU
		{074B31EE-8518-4501-87F8-D0F060C06F18}.Debug|Any CPU.Build.0 = Debug|Any CPU
		{074B31EE-8518-4501-87F8-D0F060C06F18}.Release|Any CPU.ActiveCfg = Release|Any CPU
		{074B31EE-8518-4501-87F8-D0F060C06F18}.Release|Any CPU.Build.0 = Release|Any CPU
		{D1536F4F-D8F0-44E0-A8C2-66D8B91EB691}.Debug|Any CPU.ActiveCfg = Debug|Any CPU
		{D1536F4F-D8F0-44E0-A8C2-66D8B91EB691}.Debug|Any CPU.Build.0 = Debug|Any CPU
		{D1536F4F-D8F0-44E0-A8C2-66D8B91EB691}.Release|Any CPU.ActiveCfg = Release|Any CPU
		{D1536F4F-D8F0-44E0-A8C2-66D8B91EB691}.Release|Any CPU.Build.0 = Release|Any CPU
	EndGlobalSection
	GlobalSection(SolutionProperties) = preSolution
		HideSolutionNode = FALSE
	EndGlobalSection
	GlobalSection(NestedProjects) = preSolution
		{2CDD2781-5D8C-41C0-8A33-9B317C13BBCB} = {02EA681E-C7D8-13C7-8484-4AC65E1B71E8}
		{E832CC15-E005-4867-AB6E-F13BC53D1B36} = {02EA681E-C7D8-13C7-8484-4AC65E1B71E8}
		{5BA3755E-5DB3-4954-B743-2A6C7312A3A6} = {02EA681E-C7D8-13C7-8484-4AC65E1B71E8}
		{964B3CDA-1BC0-4790-B9EF-D5183E35D1C6} = {AEDE0421-1BB4-4BD9-869E-6709D8576B66}
		{79113958-7088-4A38-B68C-32A36817204A} = {AEDE0421-1BB4-4BD9-869E-6709D8576B66}
		{2E04D3D6-AF48-48AB-B2EF-CD8E8A70973A} = {AEDE0421-1BB4-4BD9-869E-6709D8576B66}
		{64372BFF-0663-4742-BAF2-E542D82AAD12} = {1B1F01A2-50C6-4492-AB51-7A0FB93B36BC}
		{89A8D299-A59A-4937-8EF9-0593545B5AC0} = {1B1F01A2-50C6-4492-AB51-7A0FB93B36BC}
		{08E1F2DF-9EEB-41FC-9297-9C163D7881F8} = {1B1F01A2-50C6-4492-AB51-7A0FB93B36BC}
		{A524FAE6-A2AD-4A08-AB59-EE0030418613} = {E746196E-929B-44F5-9BD9-FF7467C1D8F1}
		{5631E763-4FD7-4AD1-A0A6-3869762E41CB} = {E746196E-929B-44F5-9BD9-FF7467C1D8F1}
		{CDCCF16E-C598-407D-AD10-969E1BC92168} = {E746196E-929B-44F5-9BD9-FF7467C1D8F1}
		{2EF804BE-AA2A-4154-A075-5461990173CA} = {7ED8C3AD-C7B3-4F06-9E49-B7860975FDEC}
		{97E3FC92-3845-4842-A4DE-F903125C0D03} = {7ED8C3AD-C7B3-4F06-9E49-B7860975FDEC}
		{A3959226-7C0C-48B3-8DB4-A3F75C177669} = {7ED8C3AD-C7B3-4F06-9E49-B7860975FDEC}
		{BBF3B570-3D30-4C80-B45C-55E710E06079} = {5485337B-85EE-4595-B520-F4587E4D8DEF}
		{E65156C8-50F8-4274-8606-5B8F09654C3E} = {5485337B-85EE-4595-B520-F4587E4D8DEF}
		{F17840A7-C887-499E-96CB-6FA0CD3C45AA} = {5485337B-85EE-4595-B520-F4587E4D8DEF}
		{612BF80D-6D4F-4A6A-AA22-454EBDAD04B3} = {FC35FF18-9F15-447F-BABB-E584EFEDE943}
		{DF5301D8-64B9-43A5-8B8D-C2E7FB860EA1} = {FC35FF18-9F15-447F-BABB-E584EFEDE943}
		{AF661BCD-8081-4CFD-AD0A-552FD8607F54} = {FC35FF18-9F15-447F-BABB-E584EFEDE943}
		{4AF8B393-80CD-4549-8F1D-009BB2DD053D} = {D95776D4-F04D-45A9-A23E-CC8BAB32A093}
		{074B31EE-8518-4501-87F8-D0F060C06F18} = {D95776D4-F04D-45A9-A23E-CC8BAB32A093}
		{D1536F4F-D8F0-44E0-A8C2-66D8B91EB691} = {D95776D4-F04D-45A9-A23E-CC8BAB32A093}
	EndGlobalSection
	GlobalSection(ExtensibilityGlobals) = postSolution
		SolutionGuid = {7D65318B-35CC-465A-A536-495BB9E56FCF}
	EndGlobalSection
EndGlobal
