
Microsoft Visual Studio Solution File, Format Version 12.00
# Visual Studio Version 17
VisualStudioVersion = 17.14.36429.23 d17.14
MinimumVisualStudioVersion = 10.0.40219.1
Project("{2150E333-8FDC-42A3-9474-1A3956D46DE8}") = "Task0", "Task0", "{02EA681E-C7D8-13C7-8484-4AC65E1B71E8}"
EndProject
Project("{FAE04EC0-301F-11D3-BF4B-00C04F79EFBC}") = "Tyuiu.KruchininEP.Sprint3.Task0.V16", "Tyuiu.KruchininEP.Sprint3.Task0.V16\Tyuiu.KruchininEP.Sprint3.Task0.V16.csproj", "{2CDD2781-5D8C-41C0-8A33-9B317C13BBCB}"
EndProject
Project("{FAE04EC0-301F-11D3-BF4B-00C04F79EFBC}") = "Tyuiu.KruchininEP.Sprint3.Task0.V16.Lib", "Tyuiu.KruchininEP.Sprint3.Task0.V16.Lib\Tyuiu.KruchininEP.Sprint3.Task0.V16.Lib.csproj", "{E832CC15-E005-4867-AB6E-F13BC53D1B36}"
EndProject
Project("{FAE04EC0-301F-11D3-BF4B-00C04F79EFBC}") = "Tyuiu.KruchininEP.Sprint3.Task0.V16.Test", "Tyuiu.KruchininEP.Sprint3.Task0.V16.Test\Tyuiu.KruchininEP.Sprint3.Task0.V16.Test.csproj", "{5BA3755E-5DB3-4954-B743-2A6C7312A3A6}"
EndProject
Global
	GlobalSection(SolutionConfigurationPlatforms) = preSolution
		Debug|Any CPU = Debug|Any CPU
		Release|Any CPU = Release|Any CPU
	EndGlobalSection
	GlobalSection(ProjectConfigurationPlatforms) = postSolution
		{2CDD2781-5D8C-41C0-8A33-9B317C13BBCB}.Debug|Any CPU.ActiveCfg = Debug|Any CPU
		{2CDD2781-5D8C-41C0-8A33-9B317C13BBCB}.Debug|Any CPU.Build.0 = Debug|Any CPU
		{2CDD2781-5D8C-41C0-8A33-9B317C13BBCB}.Release|Any CPU.ActiveCfg = Release|Any CPU
		{2CDD2781-5D8C-41C0-8A33-9B317C13BBCB}.Release|Any CPU.Build.0 = Release|Any CPU
		{E832CC15-E005-4867-AB6E-F13BC53D1B36}.Debug|Any CPU.ActiveCfg = Debug|Any CPU
		{E832CC15-E005-4867-AB6E-F13BC53D1B36}.Debug|Any CPU.Build.0 = Debug|Any CPU
		{E832CC15-E005-4867-AB6E-F13BC53D1B36}.Release|Any CPU.ActiveCfg = Release|Any CPU
		{E832CC15-E005-4867-AB6E-F13BC53D1B36}.Release|Any CPU.Build.0 = Release|Any CPU
		{5BA3755E-5DB3-4954-B743-2A6C7312A3A6}.Debug|Any CPU.ActiveCfg = Debug|Any CPU
		{5BA3755E-5DB3-4954-B743-2A6C7312A3A6}.Debug|Any CPU.Build.0 = Debug|Any CPU
		{5BA3755E-5DB3-4954-B743-2A6C7312A3A6}.Release|Any CPU.ActiveCfg = Release|Any CPU
		{5BA3755E-5DB3-4954-B743-2A6C7312A3A6}.Release|Any CPU.Build.0 = Release|Any CPU
	EndGlobalSection
	GlobalSection(SolutionProperties) = preSolution
		HideSolutionNode = FALSE
	EndGlobalSection
	GlobalSection(NestedProjects) = preSolution
		{2CDD2781-5D8C-41C0-8A33-9B317C13BBCB} = {02EA681E-C7D8-13C7-8484-4AC65E1B71E8}
		{E832CC15-E005-4867-AB6E-F13BC53D1B36} = {02EA681E-C7D8-13C7-8484-4AC65E1B71E8}
		{5BA3755E-5DB3-4954-B743-2A6C7312A3A6} = {02EA681E-C7D8-13C7-8484-4AC65E1B71E8}
	EndGlobalSection
	GlobalSection(ExtensibilityGlobals) = postSolution
		SolutionGuid = {7D65318B-35CC-465A-A536-495BB9E56FCF}
	EndGlobalSection
EndGlobal
